<?xml version="1.0" encoding="utf-8"?>
<Project ToolsVersion="4.0" xmlns="http://schemas.microsoft.com/developer/msbuild/2003">
  <ItemGroup>
    <Filter Include="network">
      <UniqueIdentifier>{31c778af-0def-47d3-b416-561629a67611}</UniqueIdentifier>
    </Filter>
    <Filter Include="licenses">
      <UniqueIdentifier>{7a17a737-6cca-4dc2-b269-9aec16f45976}</UniqueIdentifier>
    </Filter>
    <Filter Include="resources">
      <UniqueIdentifier>{67DA6AB6-F800-4c08-8B7A-83BB121AAD01}</UniqueIdentifier>
      <Extensions>rc;ico;cur;bmp;dlg;rc2;rct;bin;rgs;gif;jpg;jpeg;jpe;resx;tiff;tif;png;wav;mfcribbon-ms</Extensions>
    </Filter>
    <Filter Include="Source Files">
      <UniqueIdentifier>{844f9229-864f-4352-ab0d-26f82c963fa6}</UniqueIdentifier>
    </Filter>
    <Filter Include="sys">
      <UniqueIdentifier>{8cf79f05-c068-4e26-89b4-b5f4b45b0ca1}</UniqueIdentifier>
    </Filter>
    <Filter Include="log">
      <UniqueIdentifier>{95aeb03c-1e1e-4563-ae85-b76fac6db7b0}</UniqueIdentifier>
    </Filter>
    <Filter Include="threads">
      <UniqueIdentifier>{3c87eb2b-1c61-4fdf-941b-4082837132aa}</UniqueIdentifier>
    </Filter>
    <Filter Include="utils">
      <UniqueIdentifier>{712644c5-2e8f-4f52-a15c-f0c59a1ab287}</UniqueIdentifier>
    </Filter>
    <Filter Include="shairplay">
      <UniqueIdentifier>{bfeef854-8d5f-4a22-a913-f872dbe0d465}</UniqueIdentifier>
    </Filter>
    <Filter Include="dllLoader">
      <UniqueIdentifier>{7c05246b-782e-482e-bca8-18ad9354fce3}</UniqueIdentifier>
    </Filter>
    <Filter Include="network\fairplay">
      <UniqueIdentifier>{6c4134b1-34c6-440b-8d5b-16453f18f6ae}</UniqueIdentifier>
    </Filter>
  </ItemGroup>
  <ItemGroup>
    <ClInclude Include="AirDefines.h">
      <Filter>Source Files</Filter>
    </ClInclude>
    <ClInclude Include="targetver.h">
      <Filter>Source Files</Filter>
    </ClInclude>
    <ClInclude Include="AirPlay.h">
      <Filter>Source Files</Filter>
    </ClInclude>
    <ClInclude Include="stdafx.h">
      <Filter>Source Files</Filter>
    </ClInclude>
    <ClInclude Include="system.h">
      <Filter>Source Files</Filter>
    </ClInclude>
    <ClInclude Include="log\SimpleLog.h">
      <Filter>log</Filter>
    </ClInclude>
    <ClInclude Include="log\XZip.h">
      <Filter>log</Filter>
    </ClInclude>
    <ClInclude Include="network\Zeroconf.h">
      <Filter>network</Filter>
    </ClInclude>
    <ClInclude Include="network\ZeroconfMDNS.h">
      <Filter>network</Filter>
    </ClInclude>
    <ClInclude Include="threads\CriticalSection.h">
      <Filter>threads</Filter>
    </ClInclude>
    <ClInclude Include="threads\Locks.h">
      <Filter>threads</Filter>
    </ClInclude>
    <ClInclude Include="utils\StringConversion.h">
      <Filter>utils</Filter>
    </ClInclude>
    <ClInclude Include="utils\Variant.h">
      <Filter>utils</Filter>
    </ClInclude>
    <ClInclude Include="threads\SystemClock.h">
      <Filter>threads</Filter>
    </ClInclude>
    <ClInclude Include="threads\Job.h">
      <Filter>threads</Filter>
    </ClInclude>
    <ClInclude Include="network\AsyncSelectWin32.h">
      <Filter>network</Filter>
    </ClInclude>
    <ClInclude Include="threads\ThreadImpl.h">
      <Filter>threads</Filter>
    </ClInclude>
    <ClInclude Include="threads\ThreadLocal.h">
      <Filter>threads</Filter>
    </ClInclude>
    <ClInclude Include="threads\Thread.h">
      <Filter>threads</Filter>
    </ClInclude>
    <ClInclude Include="sys\crts_caller.h">
      <Filter>sys</Filter>
    </ClInclude>
    <ClInclude Include="threads\Lockables.h">
      <Filter>threads</Filter>
    </ClInclude>
    <ClInclude Include="sys\inttypes.h">
      <Filter>sys</Filter>
    </ClInclude>
    <ClInclude Include="threads\Event.h">
      <Filter>threads</Filter>
    </ClInclude>
    <ClInclude Include="network\AirPlayServer.h">
      <Filter>network</Filter>
    </ClInclude>
    <ClInclude Include="network\Network.h">
      <Filter>network</Filter>
    </ClInclude>
    <ClInclude Include="utils\Stopwatch.h">
      <Filter>utils</Filter>
    </ClInclude>
    <ClInclude Include="sys\socket.h">
      <Filter>sys</Filter>
    </ClInclude>
    <ClInclude Include="sys\win32utils.h">
      <Filter>sys</Filter>
    </ClInclude>
    <ClInclude Include="network\NetworkWin32.h">
      <Filter>network</Filter>
    </ClInclude>
    <ClInclude Include="network\NetworkServices.h">
      <Filter>network</Filter>
    </ClInclude>
    <ClInclude Include="utils\HttpHeader.h">
      <Filter>utils</Filter>
    </ClInclude>
    <ClInclude Include="utils\HttpParser.h">
      <Filter>utils</Filter>
    </ClInclude>
    <ClInclude Include="utils\HttpResponse.h">
      <Filter>utils</Filter>
    </ClInclude>
    <ClInclude Include="utils\md5.h">
      <Filter>utils</Filter>
    </ClInclude>
    <ClInclude Include="network\AirTunesServer.h">
      <Filter>network</Filter>
    </ClInclude>
    <ClInclude Include="network\AirAction.h">
      <Filter>network</Filter>
    </ClInclude>
    <ClInclude Include="utils\EndianSwap.h">
      <Filter>utils</Filter>
    </ClInclude>
    <ClInclude Include="utils\Base64.h">
      <Filter>utils</Filter>
    </ClInclude>
    <ClInclude Include="dllLoader\LibraryLoader.h">
      <Filter>dllLoader</Filter>
    </ClInclude>
    <ClInclude Include="dllLoader\DynamicDll.h">
      <Filter>dllLoader</Filter>
    </ClInclude>
    <ClInclude Include="network\DllLibShairplay.h">
      <Filter>network</Filter>
    </ClInclude>
    <ClInclude Include="shairplay\raop.h">
      <Filter>shairplay</Filter>
    </ClInclude>
    <ClInclude Include="dllLoader\SectionLoader.h">
      <Filter>dllLoader</Filter>
    </ClInclude>
    <ClInclude Include="dllLoader\Win32DllLoader.h">
      <Filter>dllLoader</Filter>
    </ClInclude>
    <ClInclude Include="network\dacp.h">
      <Filter>network</Filter>
    </ClInclude>
    <ClInclude Include="network\ZeroconfBrowser.h">
      <Filter>network</Filter>
    </ClInclude>
    <ClInclude Include="network\ZeroconfBrowserMDNS.h">
      <Filter>network</Filter>
    </ClInclude>
    <ClInclude Include="network\fairplay.h">
      <Filter>network\fairplay</Filter>
    </ClInclude>
  </ItemGroup>
  <ItemGroup>
    <ClCompile Include="AirPlay.cpp">
      <Filter>Source Files</Filter>
    </ClCompile>
    <ClCompile Include="dllmain.cpp">
      <Filter>Source Files</Filter>
    </ClCompile>
    <ClCompile Include="stdafx.cpp">
      <Filter>Source Files</Filter>
    </ClCompile>
    <ClCompile Include="log\SimpleLog.cpp">
      <Filter>log</Filter>
    </ClCompile>
    <ClCompile Include="log\XZip.cpp">
      <Filter>log</Filter>
    </ClCompile>
    <ClCompile Include="network\Zeroconf.cpp">
      <Filter>network</Filter>
    </ClCompile>
    <ClCompile Include="network\ZeroconfMDNS.cpp">
      <Filter>network</Filter>
    </ClCompile>
    <ClCompile Include="utils\StringConversion.cpp">
      <Filter>utils</Filter>
    </ClCompile>
    <ClCompile Include="utils\Variant.cpp">
      <Filter>utils</Filter>
    </ClCompile>
    <ClCompile Include="threads\SystemClock.cpp">
      <Filter>threads</Filter>
    </ClCompile>
    <ClCompile Include="network\AsyncSelectWin32.cpp">
      <Filter>network</Filter>
    </ClCompile>
    <ClCompile Include="sys\crts_caller.cpp">
      <Filter>sys</Filter>
    </ClCompile>
    <ClCompile Include="threads\Thread.cpp">
      <Filter>threads</Filter>
    </ClCompile>
    <ClCompile Include="threads\Event.cpp">
      <Filter>threads</Filter>
    </ClCompile>
    <ClCompile Include="network\AirPlayServer.cpp">
      <Filter>network</Filter>
    </ClCompile>
    <ClCompile Include="network\Network.cpp">
      <Filter>network</Filter>
    </ClCompile>
    <ClCompile Include="utils\Stopwatch.cpp">
      <Filter>utils</Filter>
    </ClCompile>
    <ClCompile Include="sys\win32utils.cpp">
      <Filter>sys</Filter>
    </ClCompile>
    <ClCompile Include="network\NetworkWin32.cpp">
      <Filter>network</Filter>
    </ClCompile>
    <ClCompile Include="network\NetworkServices.cpp">
      <Filter>network</Filter>
    </ClCompile>
    <ClCompile Include="utils\HttpHeader.cpp">
      <Filter>utils</Filter>
    </ClCompile>
    <ClCompile Include="utils\HttpParser.cpp">
      <Filter>utils</Filter>
    </ClCompile>
    <ClCompile Include="utils\HttpResponse.cpp">
      <Filter>utils</Filter>
    </ClCompile>
    <ClCompile Include="utils\md5.cpp">
      <Filter>utils</Filter>
    </ClCompile>
    <ClCompile Include="network\AirTunesServer.cpp">
      <Filter>network</Filter>
    </ClCompile>
    <ClCompile Include="utils\EndianSwap.cpp">
      <Filter>utils</Filter>
    </ClCompile>
    <ClCompile Include="utils\Base64.cpp">
      <Filter>utils</Filter>
    </ClCompile>
    <ClCompile Include="dllLoader\LibraryLoader.cpp">
      <Filter>dllLoader</Filter>
    </ClCompile>
    <ClCompile Include="dllLoader\DynamicDll.cpp">
      <Filter>dllLoader</Filter>
    </ClCompile>
    <ClCompile Include="dllLoader\SectionLoader.cpp">
      <Filter>dllLoader</Filter>
    </ClCompile>
    <ClCompile Include="dllLoader\Win32DllLoader.cpp">
      <Filter>dllLoader</Filter>
    </ClCompile>
    <ClCompile Include="network\dacp.cpp">
      <Filter>network</Filter>
    </ClCompile>
    <ClCompile Include="network\ZeroconfBrowser.cpp">
      <Filter>network</Filter>
    </ClCompile>
    <ClCompile Include="network\ZeroconfBrowserMDNS.cpp">
      <Filter>network</Filter>
    </ClCompile>
  </ItemGroup>
  <ItemGroup>
    <None Include="log\usage.txt">
      <Filter>log</Filter>
    </None>
  </ItemGroup>
</Project>